
Microsoft Visual Studio Solution File, Format Version 11.00
# Visual Studio 2010
Project("{FAE04EC0-301F-11D3-BF4B-00C04F79EFBC}") = "Woods", "Assembly-CSharp.csproj", "{6B356E0B-27FA-690D-798C-80B263C65BD5}"
EndProject
Project("{FAE04EC0-301F-11D3-BF4B-00C04F79EFBC}") = "Woods", "Assembly-CSharp-firstpass.csproj", "{15C5A39C-2A48-4AEC-9A12-47C0B030F523}"
EndProject
Project("{FAE04EC0-301F-11D3-BF4B-00C04F79EFBC}") = "Woods", "Assembly-CSharp-Editor-firstpass.csproj", "{C128BCFC-4D71-8A30-4E30-E76BECF29D19}"
EndProject
Global
	GlobalSection(SolutionConfigurationPlatforms) = preSolution
		Debug|Any CPU = Debug|Any CPU
		Release|Any CPU = Release|Any CPU
	EndGlobalSection
	GlobalSection(ProjectConfigurationPlatforms) = postSolution
		{6B356E0B-27FA-690D-798C-80B263C65BD5}.Debug|Any CPU.ActiveCfg = Debug|Any CPU
		{6B356E0B-27FA-690D-798C-80B263C65BD5}.Debug|Any CPU.Build.0 = Debug|Any CPU
		{6B356E0B-27FA-690D-798C-80B263C65BD5}.Release|Any CPU.ActiveCfg = Release|Any CPU
		{6B356E0B-27FA-690D-798C-80B263C65BD5}.Release|Any CPU.Build.0 = Release|Any CPU
		{15C5A39C-2A48-4AEC-9A12-47C0B030F523}.Debug|Any CPU.ActiveCfg = Debug|Any CPU
		{15C5A39C-2A48-4AEC-9A12-47C0B030F523}.Debug|Any CPU.Build.0 = Debug|Any CPU
		{15C5A39C-2A48-4AEC-9A12-47C0B030F523}.Release|Any CPU.ActiveCfg = Release|Any CPU
		{15C5A39C-2A48-4AEC-9A12-47C0B030F523}.Release|Any CPU.Build.0 = Release|Any CPU
		{C128BCFC-4D71-8A30-4E30-E76BECF29D19}.Debug|Any CPU.ActiveCfg = Debug|Any CPU
		{C128BCFC-4D71-8A30-4E30-E76BECF29D19}.Debug|Any CPU.Build.0 = Debug|Any CPU
		{C128BCFC-4D71-8A30-4E30-E76BECF29D19}.Release|Any CPU.ActiveCfg = Release|Any CPU
		{C128BCFC-4D71-8A30-4E30-E76BECF29D19}.Release|Any CPU.Build.0 = Release|Any CPU
	EndGlobalSection
	GlobalSection(SolutionProperties) = preSolution
		HideSolutionNode = FALSE
	EndGlobalSection
	GlobalSection(MonoDevelopProperties) = preSolution
		StartupItem = Assembly-CSharp.csproj
	EndGlobalSection
EndGlobal
